
Microsoft Visual Studio Solution File, Format Version 12.00
# Visual Studio 2015
Project("{FAE04EC0-301F-11D3-BF4B-00C04F79EFBC}") = "costam — kopia.CSharp", "costam — kopia.CSharp.csproj", "{0DD4F5AE-5AB9-C045-75A3-8ED8ADC60AE9}"
EndProject
Global
	GlobalSection(SolutionConfigurationPlatforms) = preSolution
		Debug|Any CPU = Debug|Any CPU
		Release|Any CPU = Release|Any CPU
	EndGlobalSection
	GlobalSection(ProjectConfigurationPlatforms) = postSolution
		{0DD4F5AE-5AB9-C045-75A3-8ED8ADC60AE9}.Debug|Any CPU.ActiveCfg = Debug|Any CPU
		{0DD4F5AE-5AB9-C045-75A3-8ED8ADC60AE9}.Debug|Any CPU.Build.0 = Debug|Any CPU
		{0DD4F5AE-5AB9-C045-75A3-8ED8ADC60AE9}.Release|Any CPU.ActiveCfg = Release|Any CPU
		{0DD4F5AE-5AB9-C045-75A3-8ED8ADC60AE9}.Release|Any CPU.Build.0 = Release|Any CPU
	EndGlobalSection
	GlobalSection(SolutionProperties) = preSolution
		HideSolutionNode = FALSE
	EndGlobalSection
EndGlobal
